Microsoft Visual Studio Solution File, Format Version 12.00
# Visual Studio Version 17
VisualStudioVersion = 17.5.2.0
MinimumVisualStudioVersion = 10.0.40219.1
Project("{FAE04EC0-301F-11D3-BF4B-00C04F79EFBC}") = "ASPProject.Backend", "ASPProject.Backend\ASPProject.Backend.csproj", "{AD9F0667-CFEE-4CD8-76ED-88D887937141}"
EndProject
Global
	GlobalSection(SolutionConfigurationPlatforms) = preSolution
		Debug|Any CPU = Debug|Any CPU
		Release|Any CPU = Release|Any CPU
	EndGlobalSection
	GlobalSection(ProjectConfigurationPlatforms) = postSolution
		{AD9F0667-CFEE-4CD8-76ED-88D887937141}.Debug|Any CPU.ActiveCfg = Debug|Any CPU
		{AD9F0667-CFEE-4CD8-76ED-88D887937141}.Debug|Any CPU.Build.0 = Debug|Any CPU
		{AD9F0667-CFEE-4CD8-76ED-88D887937141}.Release|Any CPU.ActiveCfg = Release|Any CPU
		{AD9F0667-CFEE-4CD8-76ED-88D887937141}.Release|Any CPU.Build.0 = Release|Any CPU
	EndGlobalSection
	GlobalSection(SolutionProperties) = preSolution
		HideSolutionNode = FALSE
	EndGlobalSection
	GlobalSection(ExtensibilityGlobals) = postSolution
		SolutionGuid = {28D23286-5FA1-4CEE-8F51-5A0AA72BCA3D}
	EndGlobalSection
EndGlobal
